# This file is autogenerated, do not edit; changes may be undone by the next 'dep ensure'.


[[projects]]
  digest = "1:f21c1a68814ffc02db479adbd973c710e0ece6150ddc0726655c0a2048299152"
  name = "github.com/emirpasic/gods"
  packages = [
    "containers",
    "sets",
    "sets/hashset",
    "trees",
    "trees/avltree",
    "utils",
  ]
  pruneopts = ""
  revision = "1615341f118ae12f353cc8a983f35b584342c9b3"
  version = "v1.12.0"

[[projects]]
  digest = "1:94e9081cc450d2cdf4e6886fc2c06c07272f86477df2d74ee5931951fa3d2577"
  name = "github.com/oklog/run"
  packages = ["."]
  pruneopts = ""
  revision = "4dadeb3030eda0273a12382bb2348ffc7c9d1a39"
  version = "v1.0.0"

[solve-meta]
  analyzer-name = "dep"
  analyzer-version = 1
  input-imports = [
    "github.com/emirpasic/gods/sets/hashset",
    "github.com/emirpasic/gods/trees/avltree",
    "github.com/emirpasic/gods/utils",
    "github.com/oklog/run",
  ]
  solver-name = "gps-cdcl"
  solver-version = 1
